
Microsoft Visual Studio Solution File, Format Version 12.00
# Visual Studio Version 17
VisualStudioVersion = 17.4.33213.308
MinimumVisualStudioVersion = 10.0.40219.1
Project("{FAE04EC0-301F-11D3-BF4B-00C04F79EFBC}") = "SalesWebApp", "SalesWebApp\SalesWebApp.csproj", "{F1747C64-151D-41E7-A74C-84B2E96F76FA}"
EndProject
Global
	GlobalSection(SolutionConfigurationPlatforms) = preSolution
		Debug|Any CPU = Debug|Any CPU
		Release|Any CPU = Release|Any CPU
	EndGlobalSection
	GlobalSection(ProjectConfigurationPlatforms) = postSolution
		{F1747C64-151D-41E7-A74C-84B2E96F76FA}.Debug|Any CPU.ActiveCfg = Debug|Any CPU
		{F1747C64-151D-41E7-A74C-84B2E96F76FA}.Debug|Any CPU.Build.0 = Debug|Any CPU
		{F1747C64-151D-41E7-A74C-84B2E96F76FA}.Release|Any CPU.ActiveCfg = Release|Any CPU
		{F1747C64-151D-41E7-A74C-84B2E96F76FA}.Release|Any CPU.Build.0 = Release|Any CPU
	EndGlobalSection
	GlobalSection(SolutionProperties) = preSolution
		HideSolutionNode = FALSE
	EndGlobalSection
	GlobalSection(ExtensibilityGlobals) = postSolution
		SolutionGuid = {D1E7AA88-6DF1-411B-AE67-06F8BED844B6}
	EndGlobalSection
EndGlobal
